# This is a Gradle generated file for dependency locking.
# Manual edits can break the build and are not advised.
# This file is expected to be part of source control.
com.alibaba:transmittable-thread-local:2.14.2=compileClasspath,runtimeClasspath,testCompileClasspath,testRuntimeClasspath
com.cedarsoftware:java-util:4.90.0=compileClasspath,runtimeClasspath,testCompileClasspath,testRuntimeClasspath
com.fasterxml.jackson.core:jackson-annotations:2.21=compileClasspath,runtimeClasspath,testCompileClasspath,testRuntimeClasspath
com.fasterxml.jackson.core:jackson-core:2.18.9=compileClasspath,runtimeClasspath,testCompileClasspath,testRuntimeClasspath
com.fasterxml.jackson.core:jackson-databind:2.18.9=compileClasspath,runtimeClasspath,testCompileClasspath,testRuntimeClasspath
com.fasterxml.jackson.datatype:jackson-datatype-jdk8:2.18.9=compileClasspath,runtimeClasspath,testCompileClasspath,testRuntimeClasspath
com.fasterxml.jackson.datatype:jackson-datatype-jsr310:2.18.9=compileClasspath,runtimeClasspath,testCompileClasspath,testRuntimeClasspath
com.fasterxml.jackson:jackson-bom:2.18.9=compileClasspath,runtimeClasspath,testCompileClasspath,testRuntimeClasspath
com.github.ben-manes.caffeine:caffeine:2.9.3=compileClasspath,runtimeClasspath,testCompileClasspath,testRuntimeClasspath
com.google.errorprone:error_prone_annotations:2.36.0=compileClasspath,runtimeClasspath,testCompileClasspath,testRuntimeClasspath
com.google.guava:failureaccess:1.0.3=compileClasspath,runtimeClasspath,testCompileClasspath,testRuntimeClasspath
com.google.guava:guava:33.4.6-jre=compileClasspath,runtimeClasspath,testCompileClasspath,testRuntimeClasspath
org.antlr:antlr4-runtime:4.13.2=compileClasspath,runtimeClasspath,testCompileClasspath,testRuntimeClasspath
org.apache.commons:commons-lang3:3.18.0=compileClasspath,runtimeClasspath,testCompileClasspath,testRuntimeClasspath
org.apache.groovy:groovy-bom:4.0.22=compileClasspath,runtimeClasspath,testCompileClasspath,testRuntimeClasspath
org.apache.groovy:groovy:4.0.22=compileClasspath,runtimeClasspath,testCompileClasspath,testRuntimeClasspath
org.apache.shardingsphere:shardingsphere-database-connector-core:5.5.3=compileClasspath,runtimeClasspath,testCompileClasspath,testRuntimeClasspath
org.apache.shardingsphere:shardingsphere-database-connector-sql92:5.5.3=compileClasspath,runtimeClasspath,testCompileClasspath,testRuntimeClasspath
org.apache.shardingsphere:shardingsphere-database-exception-core:5.5.3=compileClasspath,runtimeClasspath,testCompileClasspath,testRuntimeClasspath
org.apache.shardingsphere:shardingsphere-infra-algorithm-core:5.5.3=compileClasspath,runtimeClasspath,testCompileClasspath,testRuntimeClasspath
org.apache.shardingsphere:shardingsphere-infra-annotation:5.5.3=compileClasspath,runtimeClasspath,testCompileClasspath,testRuntimeClasspath
org.apache.shardingsphere:shardingsphere-infra-binder-core:5.5.3=compileClasspath,runtimeClasspath,testCompileClasspath,testRuntimeClasspath
org.apache.shardingsphere:shardingsphere-infra-checker:5.5.3=compileClasspath,runtimeClasspath,testCompileClasspath,testRuntimeClasspath
org.apache.shardingsphere:shardingsphere-infra-common:5.5.3=compileClasspath,runtimeClasspath,testCompileClasspath,testRuntimeClasspath
org.apache.shardingsphere:shardingsphere-infra-data-source-pool-core:5.5.3=compileClasspath,runtimeClasspath,testCompileClasspath,testRuntimeClasspath
org.apache.shardingsphere:shardingsphere-infra-exception:5.5.3=compileClasspath,runtimeClasspath,testCompileClasspath,testRuntimeClasspath
org.apache.shardingsphere:shardingsphere-infra-executor:5.5.3=compileClasspath,runtimeClasspath,testCompileClasspath,testRuntimeClasspath
org.apache.shardingsphere:shardingsphere-infra-parser:5.5.3=compileClasspath,runtimeClasspath,testCompileClasspath,testRuntimeClasspath
org.apache.shardingsphere:shardingsphere-infra-rewrite-core:5.5.3=compileClasspath,runtimeClasspath,testCompileClasspath,testRuntimeClasspath
org.apache.shardingsphere:shardingsphere-infra-route-core:5.5.3=compileClasspath,runtimeClasspath,testCompileClasspath,testRuntimeClasspath
org.apache.shardingsphere:shardingsphere-infra-session:5.5.3=compileClasspath,runtimeClasspath,testCompileClasspath,testRuntimeClasspath
org.apache.shardingsphere:shardingsphere-infra-spi:5.5.3=compileClasspath,runtimeClasspath,testCompileClasspath,testRuntimeClasspath
org.apache.shardingsphere:shardingsphere-infra-util:5.5.3=compileClasspath,runtimeClasspath,testCompileClasspath,testRuntimeClasspath
org.apache.shardingsphere:shardingsphere-mode-node:5.5.3=compileClasspath,runtimeClasspath,testCompileClasspath,testRuntimeClasspath
org.apache.shardingsphere:shardingsphere-mode-spi:5.5.3=compileClasspath,runtimeClasspath,testCompileClasspath,testRuntimeClasspath
org.apache.shardingsphere:shardingsphere-parser-distsql-engine:5.5.3=compileClasspath,runtimeClasspath,testCompileClasspath,testRuntimeClasspath
org.apache.shardingsphere:shardingsphere-parser-distsql-statement:5.5.3=compileClasspath,runtimeClasspath,testCompileClasspath,testRuntimeClasspath
org.apache.shardingsphere:shardingsphere-parser-sql-engine-core:5.5.3=compileClasspath,runtimeClasspath,testCompileClasspath,testRuntimeClasspath
org.apache.shardingsphere:shardingsphere-parser-sql-spi:5.5.3=compileClasspath,runtimeClasspath,testCompileClasspath,testRuntimeClasspath
org.apache.shardingsphere:shardingsphere-parser-sql-statement-core:5.5.3=compileClasspath,runtimeClasspath,testCompileClasspath,testRuntimeClasspath
org.apache.shardingsphere:shardingsphere-sql-translator-api:5.5.3=compileClasspath,runtimeClasspath,testCompileClasspath,testRuntimeClasspath
org.apache.shardingsphere:shardingsphere-sql-translator-core:5.5.3=compileClasspath,runtimeClasspath,testCompileClasspath,testRuntimeClasspath
org.apiguardian:apiguardian-api:1.1.2=testCompileClasspath
org.checkerframework:checker-qual:3.19.0=compileClasspath,runtimeClasspath,testCompileClasspath,testRuntimeClasspath
org.jspecify:jspecify:1.0.0=compileClasspath,runtimeClasspath,testCompileClasspath,testRuntimeClasspath
org.junit.jupiter:junit-jupiter-api:5.14.3=testCompileClasspath,testRuntimeClasspath
org.junit.jupiter:junit-jupiter-engine:5.14.3=testRuntimeClasspath
org.junit.jupiter:junit-jupiter-params:5.14.3=testCompileClasspath,testRuntimeClasspath
org.junit.jupiter:junit-jupiter:5.14.3=testCompileClasspath,testRuntimeClasspath
org.junit.platform:junit-platform-commons:1.14.3=testCompileClasspath,testRuntimeClasspath
org.junit.platform:junit-platform-engine:1.14.3=testRuntimeClasspath
org.junit.platform:junit-platform-launcher:1.14.3=testRuntimeClasspath
org.junit:junit-bom:5.14.3=testCompileClasspath,testRuntimeClasspath
org.opentest4j:opentest4j:1.3.0=testCompileClasspath,testRuntimeClasspath
org.slf4j:slf4j-api:2.0.17=compileClasspath,runtimeClasspath,testCompileClasspath,testRuntimeClasspath
org.yaml:snakeyaml:2.2=compileClasspath,runtimeClasspath,testCompileClasspath,testRuntimeClasspath
tools.jackson.core:jackson-core:3.1.5=runtimeClasspath,testRuntimeClasspath
tools.jackson:jackson-bom:3.1.5=runtimeClasspath,testRuntimeClasspath
empty=annotationProcessor,testAnnotationProcessor
