# This is a Gradle generated file for dependency locking.
# Manual edits can break the build and are not advised.
# This file is expected to be part of source control.
com.alibaba:transmittable-thread-local:2.14.2=testCompileClasspath,testRuntimeClasspath
com.cedarsoftware:java-util:2.4.0=testCompileClasspath,testRuntimeClasspath
com.fasterxml.jackson.core:jackson-annotations:2.18.9=testCompileClasspath
com.fasterxml.jackson.core:jackson-annotations:2.21=testRuntimeClasspath
com.fasterxml.jackson.core:jackson-core:2.18.9=testCompileClasspath,testRuntimeClasspath
com.fasterxml.jackson.core:jackson-databind:2.18.9=testCompileClasspath,testRuntimeClasspath
com.fasterxml.jackson.dataformat:jackson-dataformat-xml:2.18.9=testCompileClasspath,testRuntimeClasspath
com.fasterxml.jackson.dataformat:jackson-dataformat-yaml:2.18.9=testRuntimeClasspath
com.fasterxml.jackson.datatype:jackson-datatype-jdk8:2.18.9=testCompileClasspath,testRuntimeClasspath
com.fasterxml.jackson.datatype:jackson-datatype-jsr310:2.18.9=testCompileClasspath,testRuntimeClasspath
com.fasterxml.jackson:jackson-bom:2.18.9=testCompileClasspath,testRuntimeClasspath
com.fasterxml.woodstox:woodstox-core:7.0.0=testCompileClasspath,testRuntimeClasspath
com.github.ben-manes.caffeine:caffeine:2.9.3=testCompileClasspath,testRuntimeClasspath
com.github.docker-java:docker-java-api:3.4.2=testCompileClasspath,testRuntimeClasspath
com.github.docker-java:docker-java-transport-zerodep:3.4.2=testCompileClasspath,testRuntimeClasspath
com.github.docker-java:docker-java-transport:3.4.2=testCompileClasspath,testRuntimeClasspath
com.google.code.findbugs:jsr305:3.0.2=testCompileClasspath,testRuntimeClasspath
com.google.errorprone:error_prone_annotations:2.28.0=testCompileClasspath,testRuntimeClasspath
com.google.guava:failureaccess:1.0.2=testCompileClasspath,testRuntimeClasspath
com.google.guava:guava:33.3.0-jre=testCompileClasspath,testRuntimeClasspath
com.google.guava:listenablefuture:9999.0-empty-to-avoid-conflict-with-guava=testCompileClasspath,testRuntimeClasspath
com.google.j2objc:j2objc-annotations:3.0.0=testCompileClasspath
com.google.protobuf:protobuf-java:3.21.9=testCompileClasspath
com.google.protobuf:protobuf-java:4.31.1=testRuntimeClasspath
com.google.uzaygezen:uzaygezen-core:0.2=testRuntimeClasspath
com.h2database:h2:2.2.224=testRuntimeClasspath
com.jayway.jsonpath:json-path:2.9.0=testCompileClasspath,testRuntimeClasspath
com.mysql:mysql-connector-j:26.7.0=testRuntimeClasspath
com.yahoo.datasketches:memory:0.9.0=testRuntimeClasspath
com.yahoo.datasketches:sketches-core:0.9.0=testRuntimeClasspath
com.zaxxer:HikariCP:4.0.3=testCompileClasspath
com.zaxxer:HikariCP:6.2.1=testRuntimeClasspath
commons-codec:commons-codec:1.16.0=testCompileClasspath,testRuntimeClasspath
commons-io:commons-io:2.15.1=testCompileClasspath,testRuntimeClasspath
commons-lang:commons-lang:2.4=testRuntimeClasspath
commons-logging:commons-logging:1.2=testRuntimeClasspath
jakarta.transaction:jakarta.transaction-api:1.3.3=testRuntimeClasspath
junit:junit:4.13.2=testCompileClasspath,testRuntimeClasspath
net.hydromatic:aggdesigner-algorithm:6.0=testRuntimeClasspath
net.java.dev.jna:jna:5.13.0=testCompileClasspath,testRuntimeClasspath
net.minidev:accessors-smart:2.5.0=testRuntimeClasspath
net.minidev:json-smart:2.5.0=testRuntimeClasspath
org.antlr:antlr4-runtime:4.10.1=testCompileClasspath,testRuntimeClasspath
org.apache.calcite.avatica:avatica-core:1.25.0=testCompileClasspath,testRuntimeClasspath
org.apache.calcite.avatica:avatica-metrics:1.25.0=testCompileClasspath,testRuntimeClasspath
org.apache.calcite:calcite-core:1.38.0=testCompileClasspath,testRuntimeClasspath
org.apache.calcite:calcite-linq4j:1.38.0=testCompileClasspath,testRuntimeClasspath
org.apache.commons:commons-compress:1.26.0=testCompileClasspath,testRuntimeClasspath
org.apache.commons:commons-dbcp2:2.11.0=testRuntimeClasspath
org.apache.commons:commons-lang3:3.15.0=testCompileClasspath,testRuntimeClasspath
org.apache.commons:commons-math3:3.6.1=testRuntimeClasspath
org.apache.commons:commons-pool2:2.12.0=testRuntimeClasspath
org.apache.commons:commons-text:1.11.0=testRuntimeClasspath
org.apache.groovy:groovy-bom:4.0.22=testCompileClasspath,testRuntimeClasspath
org.apache.groovy:groovy:4.0.22=testCompileClasspath,testRuntimeClasspath
org.apache.httpcomponents.core5:httpcore5:5.2.3=testRuntimeClasspath
org.apache.shardingsphere:shardingsphere-authority-api:5.5.2=testCompileClasspath,testRuntimeClasspath
org.apache.shardingsphere:shardingsphere-authority-core:5.5.2=testCompileClasspath,testRuntimeClasspath
org.apache.shardingsphere:shardingsphere-authority-database:5.5.2=testCompileClasspath,testRuntimeClasspath
org.apache.shardingsphere:shardingsphere-authority-simple:5.5.2=testCompileClasspath,testRuntimeClasspath
org.apache.shardingsphere:shardingsphere-broadcast-api:5.5.2=testCompileClasspath,testRuntimeClasspath
org.apache.shardingsphere:shardingsphere-broadcast-core:5.5.2=testCompileClasspath,testRuntimeClasspath
org.apache.shardingsphere:shardingsphere-cluster-mode-core:5.5.2=testCompileClasspath,testRuntimeClasspath
org.apache.shardingsphere:shardingsphere-cluster-mode-repository-api:5.5.2=testCompileClasspath,testRuntimeClasspath
org.apache.shardingsphere:shardingsphere-encrypt-api:5.5.2=testCompileClasspath,testRuntimeClasspath
org.apache.shardingsphere:shardingsphere-encrypt-core:5.5.2=testCompileClasspath,testRuntimeClasspath
org.apache.shardingsphere:shardingsphere-global-clock-api:5.5.2=testCompileClasspath,testRuntimeClasspath
org.apache.shardingsphere:shardingsphere-global-clock-core:5.5.2=testCompileClasspath,testRuntimeClasspath
org.apache.shardingsphere:shardingsphere-global-clock-tso-provider-local:5.5.2=testCompileClasspath,testRuntimeClasspath
org.apache.shardingsphere:shardingsphere-global-clock-tso-spi:5.5.2=testCompileClasspath,testRuntimeClasspath
org.apache.shardingsphere:shardingsphere-infra-algorithm-core:5.5.2=testCompileClasspath,testRuntimeClasspath
org.apache.shardingsphere:shardingsphere-infra-algorithm-cryptographic-aes:5.5.2=testCompileClasspath,testRuntimeClasspath
org.apache.shardingsphere:shardingsphere-infra-algorithm-cryptographic-core:5.5.2=testCompileClasspath,testRuntimeClasspath
org.apache.shardingsphere:shardingsphere-infra-algorithm-key-generator-core:5.5.2=testCompileClasspath,testRuntimeClasspath
org.apache.shardingsphere:shardingsphere-infra-algorithm-key-generator-snowflake:5.5.2=testCompileClasspath,testRuntimeClasspath
org.apache.shardingsphere:shardingsphere-infra-algorithm-key-generator-uuid:5.5.2=testCompileClasspath,testRuntimeClasspath
org.apache.shardingsphere:shardingsphere-infra-algorithm-load-balancer-core:5.5.2=testCompileClasspath,testRuntimeClasspath
org.apache.shardingsphere:shardingsphere-infra-algorithm-load-balancer-random:5.5.2=testCompileClasspath,testRuntimeClasspath
org.apache.shardingsphere:shardingsphere-infra-algorithm-load-balancer-round-robin:5.5.2=testCompileClasspath,testRuntimeClasspath
org.apache.shardingsphere:shardingsphere-infra-algorithm-load-balancer-weight:5.5.2=testCompileClasspath,testRuntimeClasspath
org.apache.shardingsphere:shardingsphere-infra-algorithm-message-digest-core:5.5.2=testCompileClasspath,testRuntimeClasspath
org.apache.shardingsphere:shardingsphere-infra-algorithm-message-digest-md5:5.5.2=testCompileClasspath,testRuntimeClasspath
org.apache.shardingsphere:shardingsphere-infra-binder:5.5.2=testCompileClasspath,testRuntimeClasspath
org.apache.shardingsphere:shardingsphere-infra-checker:5.5.2=testCompileClasspath,testRuntimeClasspath
org.apache.shardingsphere:shardingsphere-infra-common:5.5.2=testCompileClasspath,testRuntimeClasspath
org.apache.shardingsphere:shardingsphere-infra-context:5.5.2=testCompileClasspath,testRuntimeClasspath
org.apache.shardingsphere:shardingsphere-infra-data-source-pool-core:5.5.2=testCompileClasspath,testRuntimeClasspath
org.apache.shardingsphere:shardingsphere-infra-data-source-pool-hikari:5.5.2=testCompileClasspath,testRuntimeClasspath
org.apache.shardingsphere:shardingsphere-infra-database-clickhouse:5.5.2=testCompileClasspath,testRuntimeClasspath
org.apache.shardingsphere:shardingsphere-infra-database-core:5.5.2=testCompileClasspath,testRuntimeClasspath
org.apache.shardingsphere:shardingsphere-infra-database-firebird:5.5.2=testCompileClasspath,testRuntimeClasspath
org.apache.shardingsphere:shardingsphere-infra-database-h2:5.5.2=testCompileClasspath,testRuntimeClasspath
org.apache.shardingsphere:shardingsphere-infra-database-mariadb:5.5.2=testCompileClasspath,testRuntimeClasspath
org.apache.shardingsphere:shardingsphere-infra-database-mysql:5.5.2=testCompileClasspath,testRuntimeClasspath
org.apache.shardingsphere:shardingsphere-infra-database-opengauss:5.5.2=testCompileClasspath,testRuntimeClasspath
org.apache.shardingsphere:shardingsphere-infra-database-oracle:5.5.2=testCompileClasspath,testRuntimeClasspath
org.apache.shardingsphere:shardingsphere-infra-database-p6spy:5.5.2=testCompileClasspath,testRuntimeClasspath
org.apache.shardingsphere:shardingsphere-infra-database-postgresql:5.5.2=testCompileClasspath,testRuntimeClasspath
org.apache.shardingsphere:shardingsphere-infra-database-sql92:5.5.2=testCompileClasspath,testRuntimeClasspath
org.apache.shardingsphere:shardingsphere-infra-database-sqlserver:5.5.2=testCompileClasspath,testRuntimeClasspath
org.apache.shardingsphere:shardingsphere-infra-exception-core:5.5.2=testCompileClasspath,testRuntimeClasspath
org.apache.shardingsphere:shardingsphere-infra-exception-dialect-core:5.5.2=testCompileClasspath,testRuntimeClasspath
org.apache.shardingsphere:shardingsphere-infra-executor:5.5.2=testCompileClasspath,testRuntimeClasspath
org.apache.shardingsphere:shardingsphere-infra-expr-core:5.5.2=testCompileClasspath,testRuntimeClasspath
org.apache.shardingsphere:shardingsphere-infra-expr-groovy:5.5.2=testCompileClasspath,testRuntimeClasspath
org.apache.shardingsphere:shardingsphere-infra-expr-interval:5.5.2=testCompileClasspath,testRuntimeClasspath
org.apache.shardingsphere:shardingsphere-infra-expr-literal:5.5.2=testCompileClasspath,testRuntimeClasspath
org.apache.shardingsphere:shardingsphere-infra-expr-spi:5.5.2=testCompileClasspath,testRuntimeClasspath
org.apache.shardingsphere:shardingsphere-infra-merge:5.5.2=testCompileClasspath,testRuntimeClasspath
org.apache.shardingsphere:shardingsphere-infra-parser:5.5.2=testCompileClasspath,testRuntimeClasspath
org.apache.shardingsphere:shardingsphere-infra-reachability-metadata:5.5.2=testCompileClasspath,testRuntimeClasspath
org.apache.shardingsphere:shardingsphere-infra-rewrite:5.5.2=testCompileClasspath,testRuntimeClasspath
org.apache.shardingsphere:shardingsphere-infra-route:5.5.2=testCompileClasspath,testRuntimeClasspath
org.apache.shardingsphere:shardingsphere-infra-session:5.5.2=testCompileClasspath,testRuntimeClasspath
org.apache.shardingsphere:shardingsphere-infra-spi:5.5.2=testCompileClasspath,testRuntimeClasspath
org.apache.shardingsphere:shardingsphere-infra-url-absolutepath:5.5.2=testCompileClasspath,testRuntimeClasspath
org.apache.shardingsphere:shardingsphere-infra-url-classpath:5.5.2=testCompileClasspath,testRuntimeClasspath
org.apache.shardingsphere:shardingsphere-infra-url-core:5.5.2=testCompileClasspath,testRuntimeClasspath
org.apache.shardingsphere:shardingsphere-infra-url-spi:5.5.2=testCompileClasspath,testRuntimeClasspath
org.apache.shardingsphere:shardingsphere-infra-util:5.5.2=testCompileClasspath,testRuntimeClasspath
org.apache.shardingsphere:shardingsphere-jdbc:5.5.2=testCompileClasspath,testRuntimeClasspath
org.apache.shardingsphere:shardingsphere-logging-api:5.5.2=testCompileClasspath,testRuntimeClasspath
org.apache.shardingsphere:shardingsphere-logging-core:5.5.2=testCompileClasspath,testRuntimeClasspath
org.apache.shardingsphere:shardingsphere-mask-api:5.5.2=testCompileClasspath,testRuntimeClasspath
org.apache.shardingsphere:shardingsphere-mask-core:5.5.2=testCompileClasspath,testRuntimeClasspath
org.apache.shardingsphere:shardingsphere-mode-core:5.5.2=testCompileClasspath,testRuntimeClasspath
org.apache.shardingsphere:shardingsphere-mode-node:5.5.2=testCompileClasspath,testRuntimeClasspath
org.apache.shardingsphere:shardingsphere-mode-spi:5.5.2=testCompileClasspath,testRuntimeClasspath
org.apache.shardingsphere:shardingsphere-mysql-dialect-exception:5.5.2=testCompileClasspath,testRuntimeClasspath
org.apache.shardingsphere:shardingsphere-parser-distsql-engine:5.5.2=testCompileClasspath,testRuntimeClasspath
org.apache.shardingsphere:shardingsphere-parser-distsql-statement:5.5.2=testCompileClasspath,testRuntimeClasspath
org.apache.shardingsphere:shardingsphere-parser-sql-engine:5.5.2=testCompileClasspath,testRuntimeClasspath
org.apache.shardingsphere:shardingsphere-parser-sql-firebird:5.5.2=testCompileClasspath,testRuntimeClasspath
org.apache.shardingsphere:shardingsphere-parser-sql-mysql:5.5.2=testCompileClasspath,testRuntimeClasspath
org.apache.shardingsphere:shardingsphere-parser-sql-opengauss:5.5.2=testCompileClasspath,testRuntimeClasspath
org.apache.shardingsphere:shardingsphere-parser-sql-oracle:5.5.2=testCompileClasspath,testRuntimeClasspath
org.apache.shardingsphere:shardingsphere-parser-sql-postgresql:5.5.2=testCompileClasspath,testRuntimeClasspath
org.apache.shardingsphere:shardingsphere-parser-sql-spi:5.5.2=testCompileClasspath,testRuntimeClasspath
org.apache.shardingsphere:shardingsphere-parser-sql-sql92:5.5.2=testCompileClasspath,testRuntimeClasspath
org.apache.shardingsphere:shardingsphere-parser-sql-sqlserver:5.5.2=testCompileClasspath,testRuntimeClasspath
org.apache.shardingsphere:shardingsphere-parser-sql-statement-clickhouse:5.5.2=testCompileClasspath,testRuntimeClasspath
org.apache.shardingsphere:shardingsphere-parser-sql-statement-core:5.5.2=testCompileClasspath,testRuntimeClasspath
org.apache.shardingsphere:shardingsphere-parser-sql-statement-doris:5.5.2=testCompileClasspath,testRuntimeClasspath
org.apache.shardingsphere:shardingsphere-parser-sql-statement-firebird:5.5.2=testCompileClasspath,testRuntimeClasspath
org.apache.shardingsphere:shardingsphere-parser-sql-statement-hive:5.5.2=testCompileClasspath,testRuntimeClasspath
org.apache.shardingsphere:shardingsphere-parser-sql-statement-mysql:5.5.2=testCompileClasspath,testRuntimeClasspath
org.apache.shardingsphere:shardingsphere-parser-sql-statement-opengauss:5.5.2=testCompileClasspath,testRuntimeClasspath
org.apache.shardingsphere:shardingsphere-parser-sql-statement-oracle:5.5.2=testCompileClasspath,testRuntimeClasspath
org.apache.shardingsphere:shardingsphere-parser-sql-statement-postgresql:5.5.2=testCompileClasspath,testRuntimeClasspath
org.apache.shardingsphere:shardingsphere-parser-sql-statement-presto:5.5.2=testCompileClasspath,testRuntimeClasspath
org.apache.shardingsphere:shardingsphere-parser-sql-statement-sql92:5.5.2=testCompileClasspath,testRuntimeClasspath
org.apache.shardingsphere:shardingsphere-parser-sql-statement-sqlserver:5.5.2=testCompileClasspath,testRuntimeClasspath
org.apache.shardingsphere:shardingsphere-postgresql-dialect-exception:5.5.2=testCompileClasspath,testRuntimeClasspath
org.apache.shardingsphere:shardingsphere-readwrite-splitting-api:5.5.2=testCompileClasspath,testRuntimeClasspath
org.apache.shardingsphere:shardingsphere-readwrite-splitting-core:5.5.2=testCompileClasspath,testRuntimeClasspath
org.apache.shardingsphere:shardingsphere-shadow-api:5.5.2=testCompileClasspath,testRuntimeClasspath
org.apache.shardingsphere:shardingsphere-shadow-core:5.5.2=testCompileClasspath,testRuntimeClasspath
org.apache.shardingsphere:shardingsphere-sharding-api:5.5.2=testCompileClasspath,testRuntimeClasspath
org.apache.shardingsphere:shardingsphere-sharding-core:5.5.2=testCompileClasspath,testRuntimeClasspath
org.apache.shardingsphere:shardingsphere-single-api:5.5.2=testCompileClasspath,testRuntimeClasspath
org.apache.shardingsphere:shardingsphere-single-core:5.5.2=testCompileClasspath,testRuntimeClasspath
org.apache.shardingsphere:shardingsphere-sql-federation-api:5.5.2=testCompileClasspath,testRuntimeClasspath
org.apache.shardingsphere:shardingsphere-sql-federation-core:5.5.2=testCompileClasspath,testRuntimeClasspath
org.apache.shardingsphere:shardingsphere-sql-federation-executor:5.5.2=testCompileClasspath,testRuntimeClasspath
org.apache.shardingsphere:shardingsphere-sql-federation-optimizer:5.5.2=testCompileClasspath,testRuntimeClasspath
org.apache.shardingsphere:shardingsphere-sql-parser-api:5.5.2=testCompileClasspath,testRuntimeClasspath
org.apache.shardingsphere:shardingsphere-sql-parser-core:5.5.2=testCompileClasspath,testRuntimeClasspath
org.apache.shardingsphere:shardingsphere-sql-translator-api:5.5.2=testCompileClasspath,testRuntimeClasspath
org.apache.shardingsphere:shardingsphere-sql-translator-core:5.5.2=testCompileClasspath,testRuntimeClasspath
org.apache.shardingsphere:shardingsphere-sql-translator-native-provider:5.5.2=testCompileClasspath,testRuntimeClasspath
org.apache.shardingsphere:shardingsphere-standalone-mode-core:5.5.2=testCompileClasspath,testRuntimeClasspath
org.apache.shardingsphere:shardingsphere-standalone-mode-repository-api:5.5.2=testCompileClasspath,testRuntimeClasspath
org.apache.shardingsphere:shardingsphere-standalone-mode-repository-jdbc:5.5.2=testCompileClasspath,testRuntimeClasspath
org.apache.shardingsphere:shardingsphere-system-time-service:5.5.2=testCompileClasspath,testRuntimeClasspath
org.apache.shardingsphere:shardingsphere-time-service-api:5.5.2=testCompileClasspath,testRuntimeClasspath
org.apache.shardingsphere:shardingsphere-time-service-core:5.5.2=testCompileClasspath,testRuntimeClasspath
org.apache.shardingsphere:shardingsphere-transaction-api:5.5.2=testCompileClasspath,testRuntimeClasspath
org.apache.shardingsphere:shardingsphere-transaction-core:5.5.2=testCompileClasspath,testRuntimeClasspath
org.apiguardian:apiguardian-api:1.1.2=testCompileClasspath,testRuntimeClasspath
org.checkerframework:checker-qual:3.43.0=testCompileClasspath,testRuntimeClasspath
org.codehaus.janino:commons-compiler:3.1.11=testRuntimeClasspath
org.codehaus.janino:janino:3.1.11=testRuntimeClasspath
org.codehaus.woodstox:stax2-api:4.2.2=testCompileClasspath,testRuntimeClasspath
org.hamcrest:hamcrest-core:1.3=testCompileClasspath,testRuntimeClasspath
org.jetbrains:annotations:17.0.0=testCompileClasspath,testRuntimeClasspath
org.junit.jupiter:junit-jupiter-api:5.14.3=testCompileClasspath,testRuntimeClasspath
org.junit.jupiter:junit-jupiter-engine:5.14.3=testRuntimeClasspath
org.junit.jupiter:junit-jupiter-params:5.14.3=testCompileClasspath,testRuntimeClasspath
org.junit.jupiter:junit-jupiter:5.14.3=testCompileClasspath,testRuntimeClasspath
org.junit.platform:junit-platform-commons:1.14.3=testCompileClasspath,testRuntimeClasspath
org.junit.platform:junit-platform-engine:1.14.3=testRuntimeClasspath
org.junit.platform:junit-platform-launcher:1.14.3=testRuntimeClasspath
org.junit:junit-bom:5.14.3=testCompileClasspath,testRuntimeClasspath
org.locationtech.jts:jts-core:1.19.0=testCompileClasspath,testRuntimeClasspath
org.locationtech.proj4j:proj4j:1.2.2=testCompileClasspath,testRuntimeClasspath
org.opentest4j:opentest4j:1.3.0=testCompileClasspath,testRuntimeClasspath
org.ow2.asm:asm:9.3=testRuntimeClasspath
org.rnorth.duct-tape:duct-tape:1.0.8=testCompileClasspath,testRuntimeClasspath
org.slf4j:jcl-over-slf4j:1.7.36=testCompileClasspath,testRuntimeClasspath
org.slf4j:slf4j-api:1.7.36=testCompileClasspath
org.slf4j:slf4j-api:2.0.17=testRuntimeClasspath
org.slf4j:slf4j-simple:2.0.17=testRuntimeClasspath
org.testcontainers:database-commons:1.21.4=testCompileClasspath,testRuntimeClasspath
org.testcontainers:jdbc:1.21.4=testCompileClasspath,testRuntimeClasspath
org.testcontainers:junit-jupiter:1.21.4=testCompileClasspath,testRuntimeClasspath
org.testcontainers:mysql:1.21.4=testCompileClasspath,testRuntimeClasspath
org.testcontainers:testcontainers:1.21.4=testCompileClasspath,testRuntimeClasspath
org.yaml:snakeyaml:2.2=testCompileClasspath
org.yaml:snakeyaml:2.3=testRuntimeClasspath
tools.jackson.core:jackson-core:3.1.5=testRuntimeClasspath
tools.jackson:jackson-bom:3.1.5=testRuntimeClasspath
empty=annotationProcessor,compileClasspath,runtimeClasspath,testAnnotationProcessor
